
Microsoft Visual Studio Solution File, Format Version 12.00
# Visual Studio 15
VisualStudioVersion = 15.0.28010.2026
MinimumVisualStudioVersion = 10.0.40219.1
Project("{8BC9CEB8-8B4A-11D0-8D11-00A0C91BC942}") = "skEngine", "skEngine\skEngine.vcxproj", "{9EF1BD4C-3CF0-4D3D-816A-C93863205B01}"
EndProject
Project("{8BC9CEB8-8B4A-11D0-8D11-00A0C91BC942}") = "DirectXTK_Desktop_2015_Win10", "skEngine\DirectXTK\DirectXTK_Desktop_2015_Win10.vcxproj", "{E0B52AE7-E160-4D32-BF3F-910B785E5A8E}"
EndProject
Project("{8BC9CEB8-8B4A-11D0-8D11-00A0C91BC942}") = "BulletCollision", "skEngine\bulletPhysics\src\BulletCollision\BulletCollision.vcxproj", "{28EF574A-84DB-3CB0-9B45-DB3545B2D05C}"
EndProject
Project("{8BC9CEB8-8B4A-11D0-8D11-00A0C91BC942}") = "BulletDynamics", "skEngine\bulletPhysics\src\BulletDynamics\BulletDynamics.vcxproj", "{9BF1ADF3-EB57-35E8-B156-ADE8FFC7E2F0}"
EndProject
Project("{8BC9CEB8-8B4A-11D0-8D11-00A0C91BC942}") = "LinearMath", "skEngine\bulletPhysics\src\LinearMath\LinearMath.vcxproj", "{4DCE52A5-106C-3D94-815D-C8EBC6133B5E}"
EndProject
Global
	GlobalSection(SolutionConfigurationPlatforms) = preSolution
		Debug_Low|x64 = Debug_Low|x64
		Debug_Low|x86 = Debug_Low|x86
		Debug_Middle|x64 = Debug_Middle|x64
		Debug_Middle|x86 = Debug_Middle|x86
		Debug|x64 = Debug|x64
		Debug|x86 = Debug|x86
		MinSizeRel|x64 = MinSizeRel|x64
		MinSizeRel|x86 = MinSizeRel|x86
		Preview_Low|x64 = Preview_Low|x64
		Preview_Low|x86 = Preview_Low|x86
		Preview_Middle|x64 = Preview_Middle|x64
		Preview_Middle|x86 = Preview_Middle|x86
		Preview|x64 = Preview|x64
		Preview|x86 = Preview|x86
		Release_Low|x64 = Release_Low|x64
		Release_Low|x86 = Release_Low|x86
		Release_Middle|x64 = Release_Middle|x64
		Release_Middle|x86 = Release_Middle|x86
		Release|x64 = Release|x64
		Release|x86 = Release|x86
		RelWithDebInfo|x64 = RelWithDebInfo|x64
		RelWithDebInfo|x86 = RelWithDebInfo|x86
	EndGlobalSection
	GlobalSection(ProjectConfigurationPlatforms) = postSolution
		{9EF1BD4C-3CF0-4D3D-816A-C93863205B01}.Debug_Low|x64.ActiveCfg = Debug|x64
		{9EF1BD4C-3CF0-4D3D-816A-C93863205B01}.Debug_Low|x64.Build.0 = Debug|x64
		{9EF1BD4C-3CF0-4D3D-816A-C93863205B01}.Debug_Low|x86.ActiveCfg = Debug|Win32
		{9EF1BD4C-3CF0-4D3D-816A-C93863205B01}.Debug_Low|x86.Build.0 = Debug|Win32
		{9EF1BD4C-3CF0-4D3D-816A-C93863205B01}.Debug_Middle|x64.ActiveCfg = Debug|x64
		{9EF1BD4C-3CF0-4D3D-816A-C93863205B01}.Debug_Middle|x64.Build.0 = Debug|x64
		{9EF1BD4C-3CF0-4D3D-816A-C93863205B01}.Debug_Middle|x86.ActiveCfg = Debug|Win32
		{9EF1BD4C-3CF0-4D3D-816A-C93863205B01}.Debug_Middle|x86.Build.0 = Debug|Win32
		{9EF1BD4C-3CF0-4D3D-816A-C93863205B01}.Debug|x64.ActiveCfg = Debug|x64
		{9EF1BD4C-3CF0-4D3D-816A-C93863205B01}.Debug|x64.Build.0 = Debug|x64
		{9EF1BD4C-3CF0-4D3D-816A-C93863205B01}.Debug|x86.ActiveCfg = Debug|Win32
		{9EF1BD4C-3CF0-4D3D-816A-C93863205B01}.Debug|x86.Build.0 = Debug|Win32
		{9EF1BD4C-3CF0-4D3D-816A-C93863205B01}.MinSizeRel|x64.ActiveCfg = Release|x64
		{9EF1BD4C-3CF0-4D3D-816A-C93863205B01}.MinSizeRel|x64.Build.0 = Release|x64
		{9EF1BD4C-3CF0-4D3D-816A-C93863205B01}.MinSizeRel|x86.ActiveCfg = Release|Win32
		{9EF1BD4C-3CF0-4D3D-816A-C93863205B01}.MinSizeRel|x86.Build.0 = Release|Win32
		{9EF1BD4C-3CF0-4D3D-816A-C93863205B01}.Preview_Low|x64.ActiveCfg = Release|x64
		{9EF1BD4C-3CF0-4D3D-816A-C93863205B01}.Preview_Low|x64.Build.0 = Release|x64
		{9EF1BD4C-3CF0-4D3D-816A-C93863205B01}.Preview_Low|x86.ActiveCfg = Release|Win32
		{9EF1BD4C-3CF0-4D3D-816A-C93863205B01}.Preview_Low|x86.Build.0 = Release|Win32
		{9EF1BD4C-3CF0-4D3D-816A-C93863205B01}.Preview_Middle|x64.ActiveCfg = Release|x64
		{9EF1BD4C-3CF0-4D3D-816A-C93863205B01}.Preview_Middle|x64.Build.0 = Release|x64
		{9EF1BD4C-3CF0-4D3D-816A-C93863205B01}.Preview_Middle|x86.ActiveCfg = Release|Win32
		{9EF1BD4C-3CF0-4D3D-816A-C93863205B01}.Preview_Middle|x86.Build.0 = Release|Win32
		{9EF1BD4C-3CF0-4D3D-816A-C93863205B01}.Preview|x64.ActiveCfg = Release|x64
		{9EF1BD4C-3CF0-4D3D-816A-C93863205B01}.Preview|x64.Build.0 = Release|x64
		{9EF1BD4C-3CF0-4D3D-816A-C93863205B01}.Preview|x86.ActiveCfg = Release|Win32
		{9EF1BD4C-3CF0-4D3D-816A-C93863205B01}.Preview|x86.Build.0 = Release|Win32
		{9EF1BD4C-3CF0-4D3D-816A-C93863205B01}.Release_Low|x64.ActiveCfg = Release|x64
		{9EF1BD4C-3CF0-4D3D-816A-C93863205B01}.Release_Low|x64.Build.0 = Release|x64
		{9EF1BD4C-3CF0-4D3D-816A-C93863205B01}.Release_Low|x86.ActiveCfg = Release|Win32
		{9EF1BD4C-3CF0-4D3D-816A-C93863205B01}.Release_Low|x86.Build.0 = Release|Win32
		{9EF1BD4C-3CF0-4D3D-816A-C93863205B01}.Release_Middle|x64.ActiveCfg = Release|x64
		{9EF1BD4C-3CF0-4D3D-816A-C93863205B01}.Release_Middle|x64.Build.0 = Release|x64
		{9EF1BD4C-3CF0-4D3D-816A-C93863205B01}.Release_Middle|x86.ActiveCfg = Release|Win32
		{9EF1BD4C-3CF0-4D3D-816A-C93863205B01}.Release_Middle|x86.Build.0 = Release|Win32
		{9EF1BD4C-3CF0-4D3D-816A-C93863205B01}.Release|x64.ActiveCfg = Release|x64
		{9EF1BD4C-3CF0-4D3D-816A-C93863205B01}.Release|x64.Build.0 = Release|x64
		{9EF1BD4C-3CF0-4D3D-816A-C93863205B01}.Release|x86.ActiveCfg = Release|Win32
		{9EF1BD4C-3CF0-4D3D-816A-C93863205B01}.Release|x86.Build.0 = Release|Win32
		{9EF1BD4C-3CF0-4D3D-816A-C93863205B01}.RelWithDebInfo|x64.ActiveCfg = Release|x64
		{9EF1BD4C-3CF0-4D3D-816A-C93863205B01}.RelWithDebInfo|x64.Build.0 = Release|x64
		{9EF1BD4C-3CF0-4D3D-816A-C93863205B01}.RelWithDebInfo|x86.ActiveCfg = Release|Win32
		{9EF1BD4C-3CF0-4D3D-816A-C93863205B01}.RelWithDebInfo|x86.Build.0 = Release|Win32
		{E0B52AE7-E160-4D32-BF3F-910B785E5A8E}.Debug_Low|x64.ActiveCfg = Debug_Low|x64
		{E0B52AE7-E160-4D32-BF3F-910B785E5A8E}.Debug_Low|x64.Build.0 = Debug_Low|x64
		{E0B52AE7-E160-4D32-BF3F-910B785E5A8E}.Debug_Low|x86.ActiveCfg = Debug_Low|Win32
		{E0B52AE7-E160-4D32-BF3F-910B785E5A8E}.Debug_Low|x86.Build.0 = Debug_Low|Win32
		{E0B52AE7-E160-4D32-BF3F-910B785E5A8E}.Debug_Middle|x64.ActiveCfg = Debug_Middle|x64
		{E0B52AE7-E160-4D32-BF3F-910B785E5A8E}.Debug_Middle|x64.Build.0 = Debug_Middle|x64
		{E0B52AE7-E160-4D32-BF3F-910B785E5A8E}.Debug_Middle|x86.ActiveCfg = Debug_Middle|Win32
		{E0B52AE7-E160-4D32-BF3F-910B785E5A8E}.Debug_Middle|x86.Build.0 = Debug_Middle|Win32
		{E0B52AE7-E160-4D32-BF3F-910B785E5A8E}.Debug|x64.ActiveCfg = Debug|x64
		{E0B52AE7-E160-4D32-BF3F-910B785E5A8E}.Debug|x64.Build.0 = Debug|x64
		{E0B52AE7-E160-4D32-BF3F-910B785E5A8E}.Debug|x86.ActiveCfg = Debug|Win32
		{E0B52AE7-E160-4D32-BF3F-910B785E5A8E}.Debug|x86.Build.0 = Debug|Win32
		{E0B52AE7-E160-4D32-BF3F-910B785E5A8E}.MinSizeRel|x64.ActiveCfg = Debug_Middle|x64
		{E0B52AE7-E160-4D32-BF3F-910B785E5A8E}.MinSizeRel|x64.Build.0 = Debug_Middle|x64
		{E0B52AE7-E160-4D32-BF3F-910B785E5A8E}.MinSizeRel|x86.ActiveCfg = Debug_Middle|Win32
		{E0B52AE7-E160-4D32-BF3F-910B785E5A8E}.MinSizeRel|x86.Build.0 = Debug_Middle|Win32
		{E0B52AE7-E160-4D32-BF3F-910B785E5A8E}.Preview_Low|x64.ActiveCfg = Preview_Low|x64
		{E0B52AE7-E160-4D32-BF3F-910B785E5A8E}.Preview_Low|x64.Build.0 = Preview_Low|x64
		{E0B52AE7-E160-4D32-BF3F-910B785E5A8E}.Preview_Low|x86.ActiveCfg = Preview_Low|Win32
		{E0B52AE7-E160-4D32-BF3F-910B785E5A8E}.Preview_Low|x86.Build.0 = Preview_Low|Win32
		{E0B52AE7-E160-4D32-BF3F-910B785E5A8E}.Preview_Middle|x64.ActiveCfg = Preview_Middle|x64
		{E0B52AE7-E160-4D32-BF3F-910B785E5A8E}.Preview_Middle|x64.Build.0 = Preview_Middle|x64
		{E0B52AE7-E160-4D32-BF3F-910B785E5A8E}.Preview_Middle|x86.ActiveCfg = Preview_Middle|Win32
		{E0B52AE7-E160-4D32-BF3F-910B785E5A8E}.Preview_Middle|x86.Build.0 = Preview_Middle|Win32
		{E0B52AE7-E160-4D32-BF3F-910B785E5A8E}.Preview|x64.ActiveCfg = Preview|x64
		{E0B52AE7-E160-4D32-BF3F-910B785E5A8E}.Preview|x64.Build.0 = Preview|x64
		{E0B52AE7-E160-4D32-BF3F-910B785E5A8E}.Preview|x86.ActiveCfg = Preview|Win32
		{E0B52AE7-E160-4D32-BF3F-910B785E5A8E}.Preview|x86.Build.0 = Preview|Win32
		{E0B52AE7-E160-4D32-BF3F-910B785E5A8E}.Release_Low|x64.ActiveCfg = Release_Low|x64
		{E0B52AE7-E160-4D32-BF3F-910B785E5A8E}.Release_Low|x64.Build.0 = Release_Low|x64
		{E0B52AE7-E160-4D32-BF3F-910B785E5A8E}.Release_Low|x86.ActiveCfg = Release_Low|Win32
		{E0B52AE7-E160-4D32-BF3F-910B785E5A8E}.Release_Low|x86.Build.0 = Release_Low|Win32
		{E0B52AE7-E160-4D32-BF3F-910B785E5A8E}.Release_Middle|x64.ActiveCfg = Release_Middle|x64
		{E0B52AE7-E160-4D32-BF3F-910B785E5A8E}.Release_Middle|x64.Build.0 = Release_Middle|x64
		{E0B52AE7-E160-4D32-BF3F-910B785E5A8E}.Release_Middle|x86.ActiveCfg = Release_Middle|Win32
		{E0B52AE7-E160-4D32-BF3F-910B785E5A8E}.Release_Middle|x86.Build.0 = Release_Middle|Win32
		{E0B52AE7-E160-4D32-BF3F-910B785E5A8E}.Release|x64.ActiveCfg = Release|x64
		{E0B52AE7-E160-4D32-BF3F-910B785E5A8E}.Release|x64.Build.0 = Release|x64
		{E0B52AE7-E160-4D32-BF3F-910B785E5A8E}.Release|x86.ActiveCfg = Release|Win32
		{E0B52AE7-E160-4D32-BF3F-910B785E5A8E}.Release|x86.Build.0 = Release|Win32
		{E0B52AE7-E160-4D32-BF3F-910B785E5A8E}.RelWithDebInfo|x64.ActiveCfg = Release|x64
		{E0B52AE7-E160-4D32-BF3F-910B785E5A8E}.RelWithDebInfo|x64.Build.0 = Release|x64
		{E0B52AE7-E160-4D32-BF3F-910B785E5A8E}.RelWithDebInfo|x86.ActiveCfg = Release|Win32
		{E0B52AE7-E160-4D32-BF3F-910B785E5A8E}.RelWithDebInfo|x86.Build.0 = Release|Win32
		{28EF574A-84DB-3CB0-9B45-DB3545B2D05C}.Debug_Low|x64.ActiveCfg = Debug_Low|x64
		{28EF574A-84DB-3CB0-9B45-DB3545B2D05C}.Debug_Low|x64.Build.0 = Debug_Low|x64
		{28EF574A-84DB-3CB0-9B45-DB3545B2D05C}.Debug_Low|x86.ActiveCfg = Debug_Low|Win32
		{28EF574A-84DB-3CB0-9B45-DB3545B2D05C}.Debug_Low|x86.Build.0 = Debug_Low|Win32
		{28EF574A-84DB-3CB0-9B45-DB3545B2D05C}.Debug_Middle|x64.ActiveCfg = Debug_Middle|x64
		{28EF574A-84DB-3CB0-9B45-DB3545B2D05C}.Debug_Middle|x64.Build.0 = Debug_Middle|x64
		{28EF574A-84DB-3CB0-9B45-DB3545B2D05C}.Debug_Middle|x86.ActiveCfg = Debug_Middle|Win32
		{28EF574A-84DB-3CB0-9B45-DB3545B2D05C}.Debug_Middle|x86.Build.0 = Debug_Middle|Win32
		{28EF574A-84DB-3CB0-9B45-DB3545B2D05C}.Debug|x64.ActiveCfg = Debug|x64
		{28EF574A-84DB-3CB0-9B45-DB3545B2D05C}.Debug|x64.Build.0 = Debug|x64
		{28EF574A-84DB-3CB0-9B45-DB3545B2D05C}.Debug|x86.ActiveCfg = Debug|Win32
		{28EF574A-84DB-3CB0-9B45-DB3545B2D05C}.Debug|x86.Build.0 = Debug|Win32
		{28EF574A-84DB-3CB0-9B45-DB3545B2D05C}.MinSizeRel|x64.ActiveCfg = MinSizeRel|x64
		{28EF574A-84DB-3CB0-9B45-DB3545B2D05C}.MinSizeRel|x64.Build.0 = MinSizeRel|x64
		{28EF574A-84DB-3CB0-9B45-DB3545B2D05C}.MinSizeRel|x86.ActiveCfg = MinSizeRel|Win32
		{28EF574A-84DB-3CB0-9B45-DB3545B2D05C}.MinSizeRel|x86.Build.0 = MinSizeRel|Win32
		{28EF574A-84DB-3CB0-9B45-DB3545B2D05C}.Preview_Low|x64.ActiveCfg = Preview_Low|x64
		{28EF574A-84DB-3CB0-9B45-DB3545B2D05C}.Preview_Low|x64.Build.0 = Preview_Low|x64
		{28EF574A-84DB-3CB0-9B45-DB3545B2D05C}.Preview_Low|x86.ActiveCfg = Preview_Low|Win32
		{28EF574A-84DB-3CB0-9B45-DB3545B2D05C}.Preview_Low|x86.Build.0 = Preview_Low|Win32
		{28EF574A-84DB-3CB0-9B45-DB3545B2D05C}.Preview_Middle|x64.ActiveCfg = Preview_Middle|x64
		{28EF574A-84DB-3CB0-9B45-DB3545B2D05C}.Preview_Middle|x64.Build.0 = Preview_Middle|x64
		{28EF574A-84DB-3CB0-9B45-DB3545B2D05C}.Preview_Middle|x86.ActiveCfg = Preview_Middle|Win32
		{28EF574A-84DB-3CB0-9B45-DB3545B2D05C}.Preview_Middle|x86.Build.0 = Preview_Middle|Win32
		{28EF574A-84DB-3CB0-9B45-DB3545B2D05C}.Preview|x64.ActiveCfg = Preview|x64
		{28EF574A-84DB-3CB0-9B45-DB3545B2D05C}.Preview|x64.Build.0 = Preview|x64
		{28EF574A-84DB-3CB0-9B45-DB3545B2D05C}.Preview|x86.ActiveCfg = Preview|Win32
		{28EF574A-84DB-3CB0-9B45-DB3545B2D05C}.Preview|x86.Build.0 = Preview|Win32
		{28EF574A-84DB-3CB0-9B45-DB3545B2D05C}.Release_Low|x64.ActiveCfg = Release_Low|x64
		{28EF574A-84DB-3CB0-9B45-DB3545B2D05C}.Release_Low|x64.Build.0 = Release_Low|x64
		{28EF574A-84DB-3CB0-9B45-DB3545B2D05C}.Release_Low|x86.ActiveCfg = Release_Low|Win32
		{28EF574A-84DB-3CB0-9B45-DB3545B2D05C}.Release_Low|x86.Build.0 = Release_Low|Win32
		{28EF574A-84DB-3CB0-9B45-DB3545B2D05C}.Release_Middle|x64.ActiveCfg = Release_Middle|x64
		{28EF574A-84DB-3CB0-9B45-DB3545B2D05C}.Release_Middle|x64.Build.0 = Release_Middle|x64
		{28EF574A-84DB-3CB0-9B45-DB3545B2D05C}.Release_Middle|x86.ActiveCfg = Release_Middle|Win32
		{28EF574A-84DB-3CB0-9B45-DB3545B2D05C}.Release_Middle|x86.Build.0 = Release_Middle|Win32
		{28EF574A-84DB-3CB0-9B45-DB3545B2D05C}.Release|x64.ActiveCfg = Release|x64
		{28EF574A-84DB-3CB0-9B45-DB3545B2D05C}.Release|x64.Build.0 = Release|x64
		{28EF574A-84DB-3CB0-9B45-DB3545B2D05C}.Release|x86.ActiveCfg = Release|Win32
		{28EF574A-84DB-3CB0-9B45-DB3545B2D05C}.Release|x86.Build.0 = Release|Win32
		{28EF574A-84DB-3CB0-9B45-DB3545B2D05C}.RelWithDebInfo|x64.ActiveCfg = RelWithDebInfo|x64
		{28EF574A-84DB-3CB0-9B45-DB3545B2D05C}.RelWithDebInfo|x64.Build.0 = RelWithDebInfo|x64
		{28EF574A-84DB-3CB0-9B45-DB3545B2D05C}.RelWithDebInfo|x86.ActiveCfg = RelWithDebInfo|Win32
		{28EF574A-84DB-3CB0-9B45-DB3545B2D05C}.RelWithDebInfo|x86.Build.0 = RelWithDebInfo|Win32
		{9BF1ADF3-EB57-35E8-B156-ADE8FFC7E2F0}.Debug_Low|x64.ActiveCfg = Debug_Low|x64
		{9BF1ADF3-EB57-35E8-B156-ADE8FFC7E2F0}.Debug_Low|x64.Build.0 = Debug_Low|x64
		{9BF1ADF3-EB57-35E8-B156-ADE8FFC7E2F0}.Debug_Low|x86.ActiveCfg = Debug_Low|Win32
		{9BF1ADF3-EB57-35E8-B156-ADE8FFC7E2F0}.Debug_Low|x86.Build.0 = Debug_Low|Win32
		{9BF1ADF3-EB57-35E8-B156-ADE8FFC7E2F0}.Debug_Middle|x64.ActiveCfg = Debug_Middle|x64
		{9BF1ADF3-EB57-35E8-B156-ADE8FFC7E2F0}.Debug_Middle|x64.Build.0 = Debug_Middle|x64
		{9BF1ADF3-EB57-35E8-B156-ADE8FFC7E2F0}.Debug_Middle|x86.ActiveCfg = Debug_Middle|Win32
		{9BF1ADF3-EB57-35E8-B156-ADE8FFC7E2F0}.Debug_Middle|x86.Build.0 = Debug_Middle|Win32
		{9BF1ADF3-EB57-35E8-B156-ADE8FFC7E2F0}.Debug|x64.ActiveCfg = Debug|x64
		{9BF1ADF3-EB57-35E8-B156-ADE8FFC7E2F0}.Debug|x64.Build.0 = Debug|x64
		{9BF1ADF3-EB57-35E8-B156-ADE8FFC7E2F0}.Debug|x86.ActiveCfg = Debug|Win32
		{9BF1ADF3-EB57-35E8-B156-ADE8FFC7E2F0}.Debug|x86.Build.0 = Debug|Win32
		{9BF1ADF3-EB57-35E8-B156-ADE8FFC7E2F0}.MinSizeRel|x64.ActiveCfg = MinSizeRel|x64
		{9BF1ADF3-EB57-35E8-B156-ADE8FFC7E2F0}.MinSizeRel|x64.Build.0 = MinSizeRel|x64
		{9BF1ADF3-EB57-35E8-B156-ADE8FFC7E2F0}.MinSizeRel|x86.ActiveCfg = MinSizeRel|Win32
		{9BF1ADF3-EB57-35E8-B156-ADE8FFC7E2F0}.MinSizeRel|x86.Build.0 = MinSizeRel|Win32
		{9BF1ADF3-EB57-35E8-B156-ADE8FFC7E2F0}.Preview_Low|x64.ActiveCfg = Preview_Low|x64
		{9BF1ADF3-EB57-35E8-B156-ADE8FFC7E2F0}.Preview_Low|x64.Build.0 = Preview_Low|x64
		{9BF1ADF3-EB57-35E8-B156-ADE8FFC7E2F0}.Preview_Low|x86.ActiveCfg = Preview_Low|Win32
		{9BF1ADF3-EB57-35E8-B156-ADE8FFC7E2F0}.Preview_Low|x86.Build.0 = Preview_Low|Win32
		{9BF1ADF3-EB57-35E8-B156-ADE8FFC7E2F0}.Preview_Middle|x64.ActiveCfg = Preview_Middle|x64
		{9BF1ADF3-EB57-35E8-B156-ADE8FFC7E2F0}.Preview_Middle|x64.Build.0 = Preview_Middle|x64
		{9BF1ADF3-EB57-35E8-B156-ADE8FFC7E2F0}.Preview_Middle|x86.ActiveCfg = Preview_Middle|Win32
		{9BF1ADF3-EB57-35E8-B156-ADE8FFC7E2F0}.Preview_Middle|x86.Build.0 = Preview_Middle|Win32
		{9BF1ADF3-EB57-35E8-B156-ADE8FFC7E2F0}.Preview|x64.ActiveCfg = Preview|x64
		{9BF1ADF3-EB57-35E8-B156-ADE8FFC7E2F0}.Preview|x64.Build.0 = Preview|x64
		{9BF1ADF3-EB57-35E8-B156-ADE8FFC7E2F0}.Preview|x86.ActiveCfg = Preview|Win32
		{9BF1ADF3-EB57-35E8-B156-ADE8FFC7E2F0}.Preview|x86.Build.0 = Preview|Win32
		{9BF1ADF3-EB57-35E8-B156-ADE8FFC7E2F0}.Release_Low|x64.ActiveCfg = Release_Low|x64
		{9BF1ADF3-EB57-35E8-B156-ADE8FFC7E2F0}.Release_Low|x64.Build.0 = Release_Low|x64
		{9BF1ADF3-EB57-35E8-B156-ADE8FFC7E2F0}.Release_Low|x86.ActiveCfg = Release_Low|Win32
		{9BF1ADF3-EB57-35E8-B156-ADE8FFC7E2F0}.Release_Low|x86.Build.0 = Release_Low|Win32
		{9BF1ADF3-EB57-35E8-B156-ADE8FFC7E2F0}.Release_Middle|x64.ActiveCfg = Release_Middle|x64
		{9BF1ADF3-EB57-35E8-B156-ADE8FFC7E2F0}.Release_Middle|x64.Build.0 = Release_Middle|x64
		{9BF1ADF3-EB57-35E8-B156-ADE8FFC7E2F0}.Release_Middle|x86.ActiveCfg = Release_Middle|Win32
		{9BF1ADF3-EB57-35E8-B156-ADE8FFC7E2F0}.Release_Middle|x86.Build.0 = Release_Middle|Win32
		{9BF1ADF3-EB57-35E8-B156-ADE8FFC7E2F0}.Release|x64.ActiveCfg = Release|x64
		{9BF1ADF3-EB57-35E8-B156-ADE8FFC7E2F0}.Release|x64.Build.0 = Release|x64
		{9BF1ADF3-EB57-35E8-B156-ADE8FFC7E2F0}.Release|x86.ActiveCfg = Release|Win32
		{9BF1ADF3-EB57-35E8-B156-ADE8FFC7E2F0}.Release|x86.Build.0 = Release|Win32
		{9BF1ADF3-EB57-35E8-B156-ADE8FFC7E2F0}.RelWithDebInfo|x64.ActiveCfg = RelWithDebInfo|x64
		{9BF1ADF3-EB57-35E8-B156-ADE8FFC7E2F0}.RelWithDebInfo|x64.Build.0 = RelWithDebInfo|x64
		{9BF1ADF3-EB57-35E8-B156-ADE8FFC7E2F0}.RelWithDebInfo|x86.ActiveCfg = RelWithDebInfo|Win32
		{9BF1ADF3-EB57-35E8-B156-ADE8FFC7E2F0}.RelWithDebInfo|x86.Build.0 = RelWithDebInfo|Win32
		{4DCE52A5-106C-3D94-815D-C8EBC6133B5E}.Debug_Low|x64.ActiveCfg = Debug_Low|x64
		{4DCE52A5-106C-3D94-815D-C8EBC6133B5E}.Debug_Low|x64.Build.0 = Debug_Low|x64
		{4DCE52A5-106C-3D94-815D-C8EBC6133B5E}.Debug_Low|x86.ActiveCfg = Debug_Low|Win32
		{4DCE52A5-106C-3D94-815D-C8EBC6133B5E}.Debug_Low|x86.Build.0 = Debug_Low|Win32
		{4DCE52A5-106C-3D94-815D-C8EBC6133B5E}.Debug_Middle|x64.ActiveCfg = Debug_Middle|x64
		{4DCE52A5-106C-3D94-815D-C8EBC6133B5E}.Debug_Middle|x64.Build.0 = Debug_Middle|x64
		{4DCE52A5-106C-3D94-815D-C8EBC6133B5E}.Debug_Middle|x86.ActiveCfg = Debug_Middle|Win32
		{4DCE52A5-106C-3D94-815D-C8EBC6133B5E}.Debug_Middle|x86.Build.0 = Debug_Middle|Win32
		{4DCE52A5-106C-3D94-815D-C8EBC6133B5E}.Debug|x64.ActiveCfg = Debug|x64
		{4DCE52A5-106C-3D94-815D-C8EBC6133B5E}.Debug|x64.Build.0 = Debug|x64
		{4DCE52A5-106C-3D94-815D-C8EBC6133B5E}.Debug|x86.ActiveCfg = Debug|Win32
		{4DCE52A5-106C-3D94-815D-C8EBC6133B5E}.Debug|x86.Build.0 = Debug|Win32
		{4DCE52A5-106C-3D94-815D-C8EBC6133B5E}.MinSizeRel|x64.ActiveCfg = MinSizeRel|x64
		{4DCE52A5-106C-3D94-815D-C8EBC6133B5E}.MinSizeRel|x64.Build.0 = MinSizeRel|x64
		{4DCE52A5-106C-3D94-815D-C8EBC6133B5E}.MinSizeRel|x86.ActiveCfg = MinSizeRel|Win32
		{4DCE52A5-106C-3D94-815D-C8EBC6133B5E}.MinSizeRel|x86.Build.0 = MinSizeRel|Win32
		{4DCE52A5-106C-3D94-815D-C8EBC6133B5E}.Preview_Low|x64.ActiveCfg = Preview_Low|x64
		{4DCE52A5-106C-3D94-815D-C8EBC6133B5E}.Preview_Low|x64.Build.0 = Preview_Low|x64
		{4DCE52A5-106C-3D94-815D-C8EBC6133B5E}.Preview_Low|x86.ActiveCfg = Preview_Low|Win32
		{4DCE52A5-106C-3D94-815D-C8EBC6133B5E}.Preview_Low|x86.Build.0 = Preview_Low|Win32
		{4DCE52A5-106C-3D94-815D-C8EBC6133B5E}.Preview_Middle|x64.ActiveCfg = Preview_Middle|x64
		{4DCE52A5-106C-3D94-815D-C8EBC6133B5E}.Preview_Middle|x64.Build.0 = Preview_Middle|x64
		{4DCE52A5-106C-3D94-815D-C8EBC6133B5E}.Preview_Middle|x86.ActiveCfg = Preview_Middle|Win32
		{4DCE52A5-106C-3D94-815D-C8EBC6133B5E}.Preview_Middle|x86.Build.0 = Preview_Middle|Win32
		{4DCE52A5-106C-3D94-815D-C8EBC6133B5E}.Preview|x64.ActiveCfg = Preview|x64
		{4DCE52A5-106C-3D94-815D-C8EBC6133B5E}.Preview|x64.Build.0 = Preview|x64
		{4DCE52A5-106C-3D94-815D-C8EBC6133B5E}.Preview|x86.ActiveCfg = Preview|Win32
		{4DCE52A5-106C-3D94-815D-C8EBC6133B5E}.Preview|x86.Build.0 = Preview|Win32
		{4DCE52A5-106C-3D94-815D-C8EBC6133B5E}.Release_Low|x64.ActiveCfg = Release_Low|x64
		{4DCE52A5-106C-3D94-815D-C8EBC6133B5E}.Release_Low|x64.Build.0 = Release_Low|x64
		{4DCE52A5-106C-3D94-815D-C8EBC6133B5E}.Release_Low|x86.ActiveCfg = Release_Low|Win32
		{4DCE52A5-106C-3D94-815D-C8EBC6133B5E}.Release_Low|x86.Build.0 = Release_Low|Win32
		{4DCE52A5-106C-3D94-815D-C8EBC6133B5E}.Release_Middle|x64.ActiveCfg = Release_Middle|x64
		{4DCE52A5-106C-3D94-815D-C8EBC6133B5E}.Release_Middle|x64.Build.0 = Release_Middle|x64
		{4DCE52A5-106C-3D94-815D-C8EBC6133B5E}.Release_Middle|x86.ActiveCfg = Release_Middle|Win32
		{4DCE52A5-106C-3D94-815D-C8EBC6133B5E}.Release_Middle|x86.Build.0 = Release_Middle|Win32
		{4DCE52A5-106C-3D94-815D-C8EBC6133B5E}.Release|x64.ActiveCfg = Release|x64
		{4DCE52A5-106C-3D94-815D-C8EBC6133B5E}.Release|x64.Build.0 = Release|x64
		{4DCE52A5-106C-3D94-815D-C8EBC6133B5E}.Release|x86.ActiveCfg = Release|Win32
		{4DCE52A5-106C-3D94-815D-C8EBC6133B5E}.Release|x86.Build.0 = Release|Win32
		{4DCE52A5-106C-3D94-815D-C8EBC6133B5E}.RelWithDebInfo|x64.ActiveCfg = RelWithDebInfo|x64
		{4DCE52A5-106C-3D94-815D-C8EBC6133B5E}.RelWithDebInfo|x64.Build.0 = RelWithDebInfo|x64
		{4DCE52A5-106C-3D94-815D-C8EBC6133B5E}.RelWithDebInfo|x86.ActiveCfg = RelWithDebInfo|Win32
		{4DCE52A5-106C-3D94-815D-C8EBC6133B5E}.RelWithDebInfo|x86.Build.0 = RelWithDebInfo|Win32
	EndGlobalSection
	GlobalSection(SolutionProperties) = preSolution
		HideSolutionNode = FALSE
	EndGlobalSection
	GlobalSection(ExtensibilityGlobals) = postSolution
		SolutionGuid = {31A49594-71F6-4900-AE5D-0C03EE67B804}
	EndGlobalSection
EndGlobal
